{
	"name": "winter",
	"version": "0.1.0",
	"lockfileVersion": 2,
	"requires": true,
	"packages": {
		"": {
			"name": "winter",
			"version": "0.1.0",
			"license": "MIT",
			"dependencies": {
				"winter": "file:"
			}
		},
		"node_modules/winter": {
			"resolved": "",
			"link": true
		}
	},
	"dependencies": {
		"winter": {
			"version": "file:",
			"requires": {
				"winter": "file:"
			}
		}
	}
}
